Microsoft Visual Studio Solution File, Format Version 12.00
# Visual Studio Version 17
VisualStudioVersion = 17.0.31903.59
MinimumVisualStudioVersion = 10.0.40219.1
Project("{2150E333-8FDC-42A3-9474-1A3956D46DE8}") = "src", "src", "{419A6ACE-0419-4315-A6FB-B0E63D39432E}"
EndProject
Project("{9A19103F-16F7-4668-BE54-9A1E7A4F7556}") = "Infrastructure", "src\Infrastructure\Infrastructure.csproj", "{7C461394-ABDC-43CD-A798-71249C58BA67}"
EndProject
Project("{9A19103F-16F7-4668-BE54-9A1E7A4F7556}") = "ApplicationCore", "src\ApplicationCore\ApplicationCore.csproj", "{7FED7440-2311-4D1E-958B-3E887C585CD2}"
EndProject
Project("{9A19103F-16F7-4668-BE54-9A1E7A4F7556}") = "Web", "src\Web\Web.csproj", "{8B1525B6-7979-4640-B1DD-1FD967CC773F}"
EndProject
Project("{9A19103F-16F7-4668-BE54-9A1E7A4F7556}") = "Commons", "src\Commons\Commons.csproj", "{D87B50DE-FF26-4B7E-AE14-6CE9B57B8877}"
EndProject
Project("{00D1A9C2-B5F0-4AF3-8072-F6C62B433612}") = "BookStoreDb", "src\BookStoreDb\BookStoreDb.sqlproj", "{85A5B87D-71F6-40DD-84E4-7E4FC744A78B}"
EndProject
Project("{2150E333-8FDC-42A3-9474-1A3956D46DE8}") = "DB", "DB", "{6E6706F2-E050-40D8-850B-D006004251B0}"
EndProject
Project("{00D1A9C2-B5F0-4AF3-8072-F6C62B433612}") = "TodoListDb", "src\TodoListDb\TodoListDb.sqlproj", "{38BDD827-BE0C-483B-A180-9344518B3AE6}"
EndProject
Project("{2150E333-8FDC-42A3-9474-1A3956D46DE8}") = "Data", "Data", "{9C87CF7C-6E42-42E6-9829-01108B889252}"
EndProject
Project("{9A19103F-16F7-4668-BE54-9A1E7A4F7556}") = "BookStoreData", "src\BookStoreData\BookStoreData.csproj", "{A682CA82-2E8C-4C31-997F-BDC4069465C7}"
EndProject
Project("{9A19103F-16F7-4668-BE54-9A1E7A4F7556}") = "ToDoData", "src\ToDoData\ToDoData.csproj", "{A71E0517-6FCB-43B0-A173-9DA2502FC6E8}"
EndProject
Global
	GlobalSection(SolutionConfigurationPlatforms) = preSolution
		Debug|Any CPU = Debug|Any CPU
		Release|Any CPU = Release|Any CPU
	EndGlobalSection
	GlobalSection(ProjectConfigurationPlatforms) = postSolution
		{7C461394-ABDC-43CD-A798-71249C58BA67}.Debug|Any CPU.ActiveCfg = Debug|Any CPU
		{7C461394-ABDC-43CD-A798-71249C58BA67}.Debug|Any CPU.Build.0 = Debug|Any CPU
		{7C461394-ABDC-43CD-A798-71249C58BA67}.Release|Any CPU.ActiveCfg = Release|Any CPU
		{7C461394-ABDC-43CD-A798-71249C58BA67}.Release|Any CPU.Build.0 = Release|Any CPU
		{7FED7440-2311-4D1E-958B-3E887C585CD2}.Debug|Any CPU.ActiveCfg = Debug|Any CPU
		{7FED7440-2311-4D1E-958B-3E887C585CD2}.Debug|Any CPU.Build.0 = Debug|Any CPU
		{7FED7440-2311-4D1E-958B-3E887C585CD2}.Release|Any CPU.ActiveCfg = Release|Any CPU
		{7FED7440-2311-4D1E-958B-3E887C585CD2}.Release|Any CPU.Build.0 = Release|Any CPU
		{8B1525B6-7979-4640-B1DD-1FD967CC773F}.Debug|Any CPU.ActiveCfg = Debug|Any CPU
		{8B1525B6-7979-4640-B1DD-1FD967CC773F}.Debug|Any CPU.Build.0 = Debug|Any CPU
		{8B1525B6-7979-4640-B1DD-1FD967CC773F}.Release|Any CPU.ActiveCfg = Release|Any CPU
		{8B1525B6-7979-4640-B1DD-1FD967CC773F}.Release|Any CPU.Build.0 = Release|Any CPU
		{D87B50DE-FF26-4B7E-AE14-6CE9B57B8877}.Debug|Any CPU.ActiveCfg = Debug|Any CPU
		{D87B50DE-FF26-4B7E-AE14-6CE9B57B8877}.Debug|Any CPU.Build.0 = Debug|Any CPU
		{D87B50DE-FF26-4B7E-AE14-6CE9B57B8877}.Release|Any CPU.ActiveCfg = Release|Any CPU
		{D87B50DE-FF26-4B7E-AE14-6CE9B57B8877}.Release|Any CPU.Build.0 = Release|Any CPU
		{85A5B87D-71F6-40DD-84E4-7E4FC744A78B}.Debug|Any CPU.ActiveCfg = Debug|Any CPU
		{85A5B87D-71F6-40DD-84E4-7E4FC744A78B}.Debug|Any CPU.Build.0 = Debug|Any CPU
		{85A5B87D-71F6-40DD-84E4-7E4FC744A78B}.Debug|Any CPU.Deploy.0 = Debug|Any CPU
		{85A5B87D-71F6-40DD-84E4-7E4FC744A78B}.Release|Any CPU.ActiveCfg = Release|Any CPU
		{85A5B87D-71F6-40DD-84E4-7E4FC744A78B}.Release|Any CPU.Build.0 = Release|Any CPU
		{85A5B87D-71F6-40DD-84E4-7E4FC744A78B}.Release|Any CPU.Deploy.0 = Release|Any CPU
		{38BDD827-BE0C-483B-A180-9344518B3AE6}.Debug|Any CPU.ActiveCfg = Debug|Any CPU
		{38BDD827-BE0C-483B-A180-9344518B3AE6}.Debug|Any CPU.Build.0 = Debug|Any CPU
		{38BDD827-BE0C-483B-A180-9344518B3AE6}.Debug|Any CPU.Deploy.0 = Debug|Any CPU
		{38BDD827-BE0C-483B-A180-9344518B3AE6}.Release|Any CPU.ActiveCfg = Release|Any CPU
		{38BDD827-BE0C-483B-A180-9344518B3AE6}.Release|Any CPU.Build.0 = Release|Any CPU
		{38BDD827-BE0C-483B-A180-9344518B3AE6}.Release|Any CPU.Deploy.0 = Release|Any CPU
		{A682CA82-2E8C-4C31-997F-BDC4069465C7}.Debug|Any CPU.ActiveCfg = Debug|Any CPU
		{A682CA82-2E8C-4C31-997F-BDC4069465C7}.Debug|Any CPU.Build.0 = Debug|Any CPU
		{A682CA82-2E8C-4C31-997F-BDC4069465C7}.Release|Any CPU.ActiveCfg = Release|Any CPU
		{A682CA82-2E8C-4C31-997F-BDC4069465C7}.Release|Any CPU.Build.0 = Release|Any CPU
		{A71E0517-6FCB-43B0-A173-9DA2502FC6E8}.Debug|Any CPU.ActiveCfg = Debug|Any CPU
		{A71E0517-6FCB-43B0-A173-9DA2502FC6E8}.Debug|Any CPU.Build.0 = Debug|Any CPU
		{A71E0517-6FCB-43B0-A173-9DA2502FC6E8}.Release|Any CPU.ActiveCfg = Release|Any CPU
		{A71E0517-6FCB-43B0-A173-9DA2502FC6E8}.Release|Any CPU.Build.0 = Release|Any CPU
	EndGlobalSection
	GlobalSection(SolutionProperties) = preSolution
		HideSolutionNode = FALSE
	EndGlobalSection
	GlobalSection(NestedProjects) = preSolution
		{7C461394-ABDC-43CD-A798-71249C58BA67} = {419A6ACE-0419-4315-A6FB-B0E63D39432E}
		{7FED7440-2311-4D1E-958B-3E887C585CD2} = {419A6ACE-0419-4315-A6FB-B0E63D39432E}
		{8B1525B6-7979-4640-B1DD-1FD967CC773F} = {419A6ACE-0419-4315-A6FB-B0E63D39432E}
		{D87B50DE-FF26-4B7E-AE14-6CE9B57B8877} = {419A6ACE-0419-4315-A6FB-B0E63D39432E}
		{85A5B87D-71F6-40DD-84E4-7E4FC744A78B} = {6E6706F2-E050-40D8-850B-D006004251B0}
		{38BDD827-BE0C-483B-A180-9344518B3AE6} = {6E6706F2-E050-40D8-850B-D006004251B0}
		{9C87CF7C-6E42-42E6-9829-01108B889252} = {419A6ACE-0419-4315-A6FB-B0E63D39432E}
		{A682CA82-2E8C-4C31-997F-BDC4069465C7} = {9C87CF7C-6E42-42E6-9829-01108B889252}
		{A71E0517-6FCB-43B0-A173-9DA2502FC6E8} = {9C87CF7C-6E42-42E6-9829-01108B889252}
	EndGlobalSection
	GlobalSection(ExtensibilityGlobals) = postSolution
		SolutionGuid = {49813262-5DA3-4D61-ABD3-493C74CE8C2B}
	EndGlobalSection
EndGlobal
